// !$*UTF8*$!
{
	archiveVersion = 1;
	classes = {
	};
	objectVersion = 77;
	objects = {

/* Begin PBXBuildFile section */
		210597BF2EABDD27001CDE4F /* ScanState.swift in Sources */ = {isa = PBXBuildFile; fileRef = 210597BE2EABDD27001CDE4F /* ScanState.swift */; };
		210597C02EABDD27001CDE4F /* Phase2Response.swift in Sources */ = {isa = PBXBuildFile; fileRef = 210597BD2EABDD27001CDE4F /* Phase2Response.swift */; };
		210597C12EABDD27001CDE4F /* Phase1Response.swift in Sources */ = {isa = PBXBuildFile; fileRef = 210597BC2EABDD27001CDE4F /* Phase1Response.swift */; };
		210597D12EAE9633001CDE4F /* OpenAIAPIService.swift in Sources */ = {isa = PBXBuildFile; fileRef = 210597D02EAE9633001CDE4F /* OpenAIAPIService.swift */; };
		210597D22EAE9633001CDE4F /* LLMServiceFactory.swift in Sources */ = {isa = PBXBuildFile; fileRef = 210597CF2EAE9633001CDE4F /* LLMServiceFactory.swift */; };
		210597D32EAE9633001CDE4F /* LLMService.swift in Sources */ = {isa = PBXBuildFile; fileRef = 210597CE2EAE9633001CDE4F /* LLMService.swift */; };
		210597D52EAEE5C8001CDE4F /* SinglePromptResponses.swift in Sources */ = {isa = PBXBuildFile; fileRef = 210597D42EAEE5C8001CDE4F /* SinglePromptResponses.swift */; };
		210597D72EAEE5DA001CDE4F /* single_prompt_identification.txt in Resources */ = {isa = PBXBuildFile; fileRef = 210597D62EAEE5DA001CDE4F /* single_prompt_identification.txt */; };
		210597D92EAEE5E8001CDE4F /* search_finalization.txt in Resources */ = {isa = PBXBuildFile; fileRef = 210597D82EAEE5E8001CDE4F /* search_finalization.txt */; };
		214CAA172EB3F2C6007A60F7 /* SettingsView.swift in Sources */ = {isa = PBXBuildFile; fileRef = 214CAA162EB3F2C6007A60F7 /* SettingsView.swift */; };
		214CAA1B2EB43618007A60F7 /* SubscriptionManager.swift in Sources */ = {isa = PBXBuildFile; fileRef = 214CAA1A2EB43618007A60F7 /* SubscriptionManager.swift */; };
		214CAA1C2EB43618007A60F7 /* ScanLimitManager.swift in Sources */ = {isa = PBXBuildFile; fileRef = 214CAA192EB43618007A60F7 /* ScanLimitManager.swift */; };
		214CAA1D2EB43618007A60F7 /* RemoteConfigManager.swift in Sources */ = {isa = PBXBuildFile; fileRef = 214CAA182EB43618007A60F7 /* RemoteConfigManager.swift */; };
		214CAA212EB4378B007A60F7 /* FirebaseCore in Frameworks */ = {isa = PBXBuildFile; productRef = 214CAA202EB4378B007A60F7 /* FirebaseCore */; };
		214CAA232EB43796007A60F7 /* FirebaseRemoteConfig in Frameworks */ = {isa = PBXBuildFile; productRef = 214CAA222EB43796007A60F7 /* FirebaseRemoteConfig */; };
		217A390F2EB8D03B008A6DA7 /* Configuration.storekit in Resources */ = {isa = PBXBuildFile; fileRef = 217A390E2EB8D03B008A6DA7 /* Configuration.storekit */; };
		21AB8AAC2EA58A5C009C895F /* AppState.swift in Sources */ = {isa = PBXBuildFile; fileRef = 21AB8A8E2EA58A5C009C895F /* AppState.swift */; };
		21AB8AAD2EA58A5C009C895F /* Album.swift in Sources */ = {isa = PBXBuildFile; fileRef = 21AB8A842EA58A5C009C895F /* Album.swift */; };
		21AB8AAF2EA58A5C009C895F /* Config.swift in Sources */ = {isa = PBXBuildFile; fileRef = 21AB8A8C2EA58A5C009C895F /* Config.swift */; };
		21AB8AB02EA58A5C009C895F /* ScanErrorView.swift in Sources */ = {isa = PBXBuildFile; fileRef = 21AB8A982EA58A5C009C895F /* ScanErrorView.swift */; };
		21AB8AB12EA58A5C009C895F /* CameraPreview.swift in Sources */ = {isa = PBXBuildFile; fileRef = 21AB8A932EA58A5C009C895F /* CameraPreview.swift */; };
		21AB8AB22EA58A5C009C895F /* CameraManager.swift in Sources */ = {isa = PBXBuildFile; fileRef = 21AB8A8F2EA58A5C009C895F /* CameraManager.swift */; };
		21AB8AB32EA58A5C009C895F /* ContentView.swift in Sources */ = {isa = PBXBuildFile; fileRef = 21AB8AA02EA58A5C009C895F /* ContentView.swift */; };
		21AB8AB42EA58A5C009C895F /* ClaudeAPIService.swift in Sources */ = {isa = PBXBuildFile; fileRef = 21AB8A892EA58A5C009C895F /* ClaudeAPIService.swift */; };
		21AB8AB52EA58A5C009C895F /* CameraView.swift in Sources */ = {isa = PBXBuildFile; fileRef = 21AB8A942EA58A5C009C895F /* CameraView.swift */; };
		21AB8AB62EA58A5C009C895F /* PermissionErrorView.swift in Sources */ = {isa = PBXBuildFile; fileRef = 21AB8A972EA58A5C009C895F /* PermissionErrorView.swift */; };
		21AB8AB72EA58A5C009C895F /* ScanHistoryView.swift in Sources */ = {isa = PBXBuildFile; fileRef = 21AB8A9A2EA58A5C009C895F /* ScanHistoryView.swift */; };
		21AB8AB82EA58A5C009C895F /* AlbumDetailsView.swift in Sources */ = {isa = PBXBuildFile; fileRef = 21AB8A912EA58A5C009C895F /* AlbumDetailsView.swift */; };
		21AB8AB92EA58A5C009C895F /* PersistenceController.swift in Sources */ = {isa = PBXBuildFile; fileRef = 21AB8A8A2EA58A5C009C895F /* PersistenceController.swift */; };
		21AB8ABA2EA58A5C009C895F /* AlbumScanApp.swift in Sources */ = {isa = PBXBuildFile; fileRef = 21AB8A9F2EA58A5C009C895F /* AlbumScanApp.swift */; };
		21AB8ABB2EA58A5C009C895F /* AlbumScan.xcdatamodeld in Sources */ = {isa = PBXBuildFile; fileRef = 21AB8A862EA58A5C009C895F /* AlbumScan.xcdatamodeld */; };
		21AB8ABC2EA58A5C009C895F /* AlbumResponse.swift in Sources */ = {isa = PBXBuildFile; fileRef = 21AB8A852EA58A5C009C895F /* AlbumResponse.swift */; };
		21AB8ABF2EA58A5C009C895F /* README.md in Resources */ = {isa = PBXBuildFile; fileRef = 21AB8AA92EA58A5C009C895F /* README.md */; };
		21AB8AC02EA58A5C009C895F /* FILE_STRUCTURE.md in Resources */ = {isa = PBXBuildFile; fileRef = 21AB8AA62EA58A5C009C895F /* FILE_STRUCTURE.md */; };
		21AB8AC12EA58A5C009C895F /* SETUP_GUIDE.md in Resources */ = {isa = PBXBuildFile; fileRef = 21AB8AAA2EA58A5C009C895F /* SETUP_GUIDE.md */; };
		21AB8AC42EA58A5C009C895F /* QUICK_START.md in Resources */ = {isa = PBXBuildFile; fileRef = 21AB8AA82EA58A5C009C895F /* QUICK_START.md */; };
		21AB8ACB2EA6DB9D009C895F /* CoverArtService.swift in Sources */ = {isa = PBXBuildFile; fileRef = 21AB8AC92EA6DB9D009C895F /* CoverArtService.swift */; };
		21AB8ACC2EA6DB9D009C895F /* MusicBrainzService.swift in Sources */ = {isa = PBXBuildFile; fileRef = 21AB8ACA2EA6DB9D009C895F /* MusicBrainzService.swift */; };
		21AB8AD52EA81F3E009C895F /* Assets.xcassets in Resources */ = {isa = PBXBuildFile; fileRef = 21AB8AD42EA81F3E009C895F /* Assets.xcassets */; };
		21B9102E2EA822B000C6E5B7 /* LaunchScreenView.swift in Sources */ = {isa = PBXBuildFile; fileRef = 21B9102D2EA822B000C6E5B7 /* LaunchScreenView.swift */; };
		21B910322EA91D9300C6E5B7 /* Secrets.plist in Resources */ = {isa = PBXBuildFile; fileRef = 21B910312EA91D9300C6E5B7 /* Secrets.plist */; };
		21B910342EA9481000C6E5B7 /* Bungee-Regular.ttf in Resources */ = {isa = PBXBuildFile; fileRef = 21B910332EA9481000C6E5B7 /* Bungee-Regular.ttf */; };
		5949627B0682488592A5609F /* KeychainHelper.swift in Sources */ = {isa = PBXBuildFile; fileRef = C3A68B8519D44A86A39BD8F9 /* KeychainHelper.swift */; };
		66378A241DA347A394EEEAB4 /* LoadingView.swift in Sources */ = {isa = PBXBuildFile; fileRef = 65497B4506434630BFC0BA1A /* LoadingView.swift */; };
		74034F4931A44D6C86F55EC5 /* Phase1AResponse.swift in Sources */ = {isa = PBXBuildFile; fileRef = 02DD9207AC464190AC1BBD80 /* Phase1AResponse.swift */; };
		7D120A91786D49D084ADF179 /* album_review_ultra.txt in Resources */ = {isa = PBXBuildFile; fileRef = C360C05E1BB34872B946B375 /* album_review_ultra.txt */; };
		95A88F8F525D4ED6AB1AAC6F /* ChooseYourPlanView.swift in Sources */ = {isa = PBXBuildFile; fileRef = E796B7ACDE3C473CBA72EC03 /* ChooseYourPlanView.swift */; };
		B09F6105392F4BDAADC6C4B8 /* WelcomePurchaseSheet.swift in Sources */ = {isa = PBXBuildFile; fileRef = EA524DE915634D01AD20E3FD /* WelcomePurchaseSheet.swift */; };
		B311FEE2FEED46A6B4C2E76C /* GoogleService-Info.plist in Resources */ = {isa = PBXBuildFile; fileRef = D4181B359EF0488BBDBB63FD /* GoogleService-Info.plist */; };
		EFC56BF99C0B45BFB480023F /* album_review.txt in Resources */ = {isa = PBXBuildFile; fileRef = 3FCE23C575394A75A62E6BF5 /* album_review.txt */; };
/* End PBXBuildFile section */

/* Begin PBXFileReference section */
		02DD9207AC464190AC1BBD80 /* Phase1AResponse.swift */ = {isa = PBXFileReference; lastKnownFileType = sourcecode.swift; path = Phase1AResponse.swift; sourceTree = "<group>"; };
		210597BC2EABDD27001CDE4F /* Phase1Response.swift */ = {isa = PBXFileReference; lastKnownFileType = sourcecode.swift; path = Phase1Response.swift; sourceTree = "<group>"; };
		210597BD2EABDD27001CDE4F /* Phase2Response.swift */ = {isa = PBXFileReference; lastKnownFileType = sourcecode.swift; path = Phase2Response.swift; sourceTree = "<group>"; };
		210597BE2EABDD27001CDE4F /* ScanState.swift */ = {isa = PBXFileReference; lastKnownFileType = sourcecode.swift; path = ScanState.swift; sourceTree = "<group>"; };
		210597CE2EAE9633001CDE4F /* LLMService.swift */ = {isa = PBXFileReference; lastKnownFileType = sourcecode.swift; path = LLMService.swift; sourceTree = "<group>"; };
		210597CF2EAE9633001CDE4F /* LLMServiceFactory.swift */ = {isa = PBXFileReference; lastKnownFileType = sourcecode.swift; path = LLMServiceFactory.swift; sourceTree = "<group>"; };
		210597D02EAE9633001CDE4F /* OpenAIAPIService.swift */ = {isa = PBXFileReference; lastKnownFileType = sourcecode.swift; path = OpenAIAPIService.swift; sourceTree = "<group>"; };
		210597D42EAEE5C8001CDE4F /* SinglePromptResponses.swift */ = {isa = PBXFileReference; lastKnownFileType = sourcecode.swift; path = SinglePromptResponses.swift; sourceTree = "<group>"; };
		210597D62EAEE5DA001CDE4F /* single_prompt_identification.txt */ = {isa = PBXFileReference; lastKnownFileType = text; path = single_prompt_identification.txt; sourceTree = "<group>"; };
		210597D82EAEE5E8001CDE4F /* search_finalization.txt */ = {isa = PBXFileReference; lastKnownFileType = text; path = search_finalization.txt; sourceTree = "<group>"; };
		214CAA162EB3F2C6007A60F7 /* SettingsView.swift */ = {isa = PBXFileReference; lastKnownFileType = sourcecode.swift; path = SettingsView.swift; sourceTree = "<group>"; };
		214CAA182EB43618007A60F7 /* RemoteConfigManager.swift */ = {isa = PBXFileReference; lastKnownFileType = sourcecode.swift; path = RemoteConfigManager.swift; sourceTree = "<group>"; };
		214CAA192EB43618007A60F7 /* ScanLimitManager.swift */ = {isa = PBXFileReference; lastKnownFileType = sourcecode.swift; path = ScanLimitManager.swift; sourceTree = "<group>"; };
		214CAA1A2EB43618007A60F7 /* SubscriptionManager.swift */ = {isa = PBXFileReference; lastKnownFileType = sourcecode.swift; path = SubscriptionManager.swift; sourceTree = "<group>"; };
		217A390E2EB8D03B008A6DA7 /* Configuration.storekit */ = {isa = PBXFileReference; lastKnownFileType = text; path = Configuration.storekit; sourceTree = "<group>"; };
		21914B312EA955D60039D3CA /* Info.plist */ = {isa = PBXFileReference; lastKnownFileType = text.plist; path = Info.plist; sourceTree = "<group>"; };
		21AB8A2E2EA58A02009C895F /* AlbumScan.app */ = {isa = PBXFileReference; explicitFileType = wrapper.application; includeInIndex = 0; path = AlbumScan.app; sourceTree = BUILT_PRODUCTS_DIR; };
		21AB8A842EA58A5C009C895F /* Album.swift */ = {isa = PBXFileReference; lastKnownFileType = sourcecode.swift; path = Album.swift; sourceTree = "<group>"; };
		21AB8A852EA58A5C009C895F /* AlbumResponse.swift */ = {isa = PBXFileReference; lastKnownFileType = sourcecode.swift; path = AlbumResponse.swift; sourceTree = "<group>"; };
		21AB8A892EA58A5C009C895F /* ClaudeAPIService.swift */ = {isa = PBXFileReference; lastKnownFileType = sourcecode.swift; path = ClaudeAPIService.swift; sourceTree = "<group>"; };
		21AB8A8A2EA58A5C009C895F /* PersistenceController.swift */ = {isa = PBXFileReference; lastKnownFileType = sourcecode.swift; path = PersistenceController.swift; sourceTree = "<group>"; };
		21AB8A8C2EA58A5C009C895F /* Config.swift */ = {isa = PBXFileReference; lastKnownFileType = sourcecode.swift; path = Config.swift; sourceTree = "<group>"; };
		21AB8A8E2EA58A5C009C895F /* AppState.swift */ = {isa = PBXFileReference; lastKnownFileType = sourcecode.swift; path = AppState.swift; sourceTree = "<group>"; };
		21AB8A8F2EA58A5C009C895F /* CameraManager.swift */ = {isa = PBXFileReference; lastKnownFileType = sourcecode.swift; path = CameraManager.swift; sourceTree = "<group>"; };
		21AB8A912EA58A5C009C895F /* AlbumDetailsView.swift */ = {isa = PBXFileReference; lastKnownFileType = sourcecode.swift; path = AlbumDetailsView.swift; sourceTree = "<group>"; };
		21AB8A932EA58A5C009C895F /* CameraPreview.swift */ = {isa = PBXFileReference; lastKnownFileType = sourcecode.swift; path = CameraPreview.swift; sourceTree = "<group>"; };
		21AB8A942EA58A5C009C895F /* CameraView.swift */ = {isa = PBXFileReference; lastKnownFileType = sourcecode.swift; path = CameraView.swift; sourceTree = "<group>"; };
		21AB8A972EA58A5C009C895F /* PermissionErrorView.swift */ = {isa = PBXFileReference; lastKnownFileType = sourcecode.swift; path = PermissionErrorView.swift; sourceTree = "<group>"; };
		21AB8A982EA58A5C009C895F /* ScanErrorView.swift */ = {isa = PBXFileReference; lastKnownFileType = sourcecode.swift; path = ScanErrorView.swift; sourceTree = "<group>"; };
		21AB8A9A2EA58A5C009C895F /* ScanHistoryView.swift */ = {isa = PBXFileReference; lastKnownFileType = sourcecode.swift; path = ScanHistoryView.swift; sourceTree = "<group>"; };
		21AB8A9F2EA58A5C009C895F /* AlbumScanApp.swift */ = {isa = PBXFileReference; lastKnownFileType = sourcecode.swift; path = AlbumScanApp.swift; sourceTree = "<group>"; };
		21AB8AA02EA58A5C009C895F /* ContentView.swift */ = {isa = PBXFileReference; lastKnownFileType = sourcecode.swift; path = ContentView.swift; sourceTree = "<group>"; };
		21AB8AA62EA58A5C009C895F /* FILE_STRUCTURE.md */ = {isa = PBXFileReference; lastKnownFileType = net.daringfireball.markdown; path = FILE_STRUCTURE.md; sourceTree = "<group>"; };
		21AB8AA82EA58A5C009C895F /* QUICK_START.md */ = {isa = PBXFileReference; lastKnownFileType = net.daringfireball.markdown; path = QUICK_START.md; sourceTree = "<group>"; };
		21AB8AA92EA58A5C009C895F /* README.md */ = {isa = PBXFileReference; lastKnownFileType = net.daringfireball.markdown; path = README.md; sourceTree = "<group>"; };
		21AB8AAA2EA58A5C009C895F /* SETUP_GUIDE.md */ = {isa = PBXFileReference; lastKnownFileType = net.daringfireball.markdown; path = SETUP_GUIDE.md; sourceTree = "<group>"; };
		21AB8AAB2EA58A5C009C895F /* AlbumScan.xcdatamodel */ = {isa = PBXFileReference; lastKnownFileType = wrapper.xcdatamodel; path = AlbumScan.xcdatamodel; sourceTree = "<group>"; };
		21AB8AC92EA6DB9D009C895F /* CoverArtService.swift */ = {isa = PBXFileReference; lastKnownFileType = sourcecode.swift; path = CoverArtService.swift; sourceTree = "<group>"; };
		21AB8ACA2EA6DB9D009C895F /* MusicBrainzService.swift */ = {isa = PBXFileReference; lastKnownFileType = sourcecode.swift; path = MusicBrainzService.swift; sourceTree = "<group>"; };
		21AB8AD42EA81F3E009C895F /* Assets.xcassets */ = {isa = PBXFileReference; lastKnownFileType = folder.assetcatalog; path = Assets.xcassets; sourceTree = "<group>"; };
		21B9102D2EA822B000C6E5B7 /* LaunchScreenView.swift */ = {isa = PBXFileReference; lastKnownFileType = sourcecode.swift; path = LaunchScreenView.swift; sourceTree = "<group>"; };
		21B910312EA91D9300C6E5B7 /* Secrets.plist */ = {isa = PBXFileReference; lastKnownFileType = text.plist.xml; path = Secrets.plist; sourceTree = "<group>"; };
		21B910332EA9481000C6E5B7 /* Bungee-Regular.ttf */ = {isa = PBXFileReference; lastKnownFileType = file; path = "Bungee-Regular.ttf"; sourceTree = "<group>"; };
		3FCE23C575394A75A62E6BF5 /* album_review.txt */ = {isa = PBXFileReference; lastKnownFileType = text; path = album_review.txt; sourceTree = "<group>"; };
		65497B4506434630BFC0BA1A /* LoadingView.swift */ = {isa = PBXFileReference; lastKnownFileType = sourcecode.swift; path = LoadingView.swift; sourceTree = "<group>"; };
		C360C05E1BB34872B946B375 /* album_review_ultra.txt */ = {isa = PBXFileReference; lastKnownFileType = text; path = album_review_ultra.txt; sourceTree = "<group>"; };
		C3A68B8519D44A86A39BD8F9 /* KeychainHelper.swift */ = {isa = PBXFileReference; lastKnownFileType = sourcecode.swift; path = KeychainHelper.swift; sourceTree = "<group>"; };
		D4181B359EF0488BBDBB63FD /* GoogleService-Info.plist */ = {isa = PBXFileReference; lastKnownFileType = text.plist.xml; path = "GoogleService-Info.plist"; sourceTree = "<group>"; };
		E796B7ACDE3C473CBA72EC03 /* ChooseYourPlanView.swift */ = {isa = PBXFileReference; lastKnownFileType = sourcecode.swift; path = ChooseYourPlanView.swift; sourceTree = "<group>"; };
		EA524DE915634D01AD20E3FD /* WelcomePurchaseSheet.swift */ = {isa = PBXFileReference; lastKnownFileType = sourcecode.swift; path = WelcomePurchaseSheet.swift; sourceTree = "<group>"; };
/* End PBXFileReference section */

/* Begin PBXFrameworksBuildPhase section */
		21AB8A2B2EA58A02009C895F /* Frameworks */ = {
			isa = PBXFrameworksBuildPhase;
			buildActionMask = 2147483647;
			files = (
				214CAA212EB4378B007A60F7 /* FirebaseCore in Frameworks */,
				214CAA232EB43796007A60F7 /* FirebaseRemoteConfig in Frameworks */,
			);
			runOnlyForDeploymentPostprocessing = 0;
		};
/* End PBXFrameworksBuildPhase section */

/* Begin PBXGroup section */
		214CAA1F2EB4378B007A60F7 /* Frameworks */ = {
			isa = PBXGroup;
			children = (
			);
			name = Frameworks;
			sourceTree = "<group>";
		};
		21AB8A252EA58A02009C895F = {
			isa = PBXGroup;
			children = (
				21B910312EA91D9300C6E5B7 /* Secrets.plist */,
				D4181B359EF0488BBDBB63FD /* GoogleService-Info.plist */,
				21AB8AD42EA81F3E009C895F /* Assets.xcassets */,
				21AB8AA52EA58A5C009C895F /* AlbumScan */,
				21AB8AA62EA58A5C009C895F /* FILE_STRUCTURE.md */,
				21AB8AA82EA58A5C009C895F /* QUICK_START.md */,
				21AB8AA92EA58A5C009C895F /* README.md */,
				21AB8AAA2EA58A5C009C895F /* SETUP_GUIDE.md */,
				214CAA1F2EB4378B007A60F7 /* Frameworks */,
				21AB8A2F2EA58A02009C895F /* Products */,
				217A390E2EB8D03B008A6DA7 /* Configuration.storekit */,
			);
			sourceTree = "<group>";
		};
		21AB8A2F2EA58A02009C895F /* Products */ = {
			isa = PBXGroup;
			children = (
				21AB8A2E2EA58A02009C895F /* AlbumScan.app */,
			);
			name = Products;
			sourceTree = "<group>";
		};
		21AB8A872EA58A5C009C895F /* Models */ = {
			isa = PBXGroup;
			children = (
				210597D42EAEE5C8001CDE4F /* SinglePromptResponses.swift */,
				210597BC2EABDD27001CDE4F /* Phase1Response.swift */,
				02DD9207AC464190AC1BBD80 /* Phase1AResponse.swift */,
				210597BD2EABDD27001CDE4F /* Phase2Response.swift */,
				210597BE2EABDD27001CDE4F /* ScanState.swift */,
				21AB8A842EA58A5C009C895F /* Album.swift */,
				21AB8A852EA58A5C009C895F /* AlbumResponse.swift */,
				21AB8A862EA58A5C009C895F /* AlbumScan.xcdatamodeld */,
			);
			path = Models;
			sourceTree = "<group>";
		};
		21AB8A882EA58A5C009C895F /* Resources */ = {
			isa = PBXGroup;
			children = (
			);
			path = Resources;
			sourceTree = "<group>";
		};
		21AB8A8B2EA58A5C009C895F /* Services */ = {
			isa = PBXGroup;
			children = (
				214CAA182EB43618007A60F7 /* RemoteConfigManager.swift */,
				214CAA192EB43618007A60F7 /* ScanLimitManager.swift */,
				214CAA1A2EB43618007A60F7 /* SubscriptionManager.swift */,
				210597CE2EAE9633001CDE4F /* LLMService.swift */,
				210597CF2EAE9633001CDE4F /* LLMServiceFactory.swift */,
				210597D02EAE9633001CDE4F /* OpenAIAPIService.swift */,
				21AB8AC92EA6DB9D009C895F /* CoverArtService.swift */,
				21AB8ACA2EA6DB9D009C895F /* MusicBrainzService.swift */,
				21AB8A892EA58A5C009C895F /* ClaudeAPIService.swift */,
				21AB8A8A2EA58A5C009C895F /* PersistenceController.swift */,
			);
			path = Services;
			sourceTree = "<group>";
		};
		21AB8A8D2EA58A5C009C895F /* Utilities */ = {
			isa = PBXGroup;
			children = (
				21AB8A8C2EA58A5C009C895F /* Config.swift */,
				C3A68B8519D44A86A39BD8F9 /* KeychainHelper.swift */,
			);
			path = Utilities;
			sourceTree = "<group>";
		};
		21AB8A902EA58A5C009C895F /* ViewModels */ = {
			isa = PBXGroup;
			children = (
				21AB8A8E2EA58A5C009C895F /* AppState.swift */,
				21AB8A8F2EA58A5C009C895F /* CameraManager.swift */,
			);
			path = ViewModels;
			sourceTree = "<group>";
		};
		21AB8A922EA58A5C009C895F /* Album */ = {
			isa = PBXGroup;
			children = (
				21AB8A912EA58A5C009C895F /* AlbumDetailsView.swift */,
			);
			path = Album;
			sourceTree = "<group>";
		};
		21AB8A962EA58A5C009C895F /* Camera */ = {
			isa = PBXGroup;
			children = (
				21AB8A932EA58A5C009C895F /* CameraPreview.swift */,
				21AB8A942EA58A5C009C895F /* CameraView.swift */,
			);
			path = Camera;
			sourceTree = "<group>";
		};
		21AB8A992EA58A5C009C895F /* Error */ = {
			isa = PBXGroup;
			children = (
				21AB8A972EA58A5C009C895F /* PermissionErrorView.swift */,
				21AB8A982EA58A5C009C895F /* ScanErrorView.swift */,
			);
			path = Error;
			sourceTree = "<group>";
		};
		21AB8A9B2EA58A5C009C895F /* History */ = {
			isa = PBXGroup;
			children = (
				21AB8A9A2EA58A5C009C895F /* ScanHistoryView.swift */,
			);
			path = History;
			sourceTree = "<group>";
		};
		21AB8A9E2EA58A5C009C895F /* Views */ = {
			isa = PBXGroup;
			children = (
				214CAA162EB3F2C6007A60F7 /* SettingsView.swift */,
				65497B4506434630BFC0BA1A /* LoadingView.swift */,
				21B9102D2EA822B000C6E5B7 /* LaunchScreenView.swift */,
				21AB8A922EA58A5C009C895F /* Album */,
				21AB8A962EA58A5C009C895F /* Camera */,
				21AB8A992EA58A5C009C895F /* Error */,
				21AB8A9B2EA58A5C009C895F /* History */,
				7E916FB0A1C84F5C9BEDFDF0 /* Subscription */,
			);
			path = Views;
			sourceTree = "<group>";
		};
		21AB8AA22EA58A5C009C895F /* AlbumScan */ = {
			isa = PBXGroup;
			children = (
				21AB8A872EA58A5C009C895F /* Models */,
				5FDE54BFF94A4D7F8F5B98D8 /* Prompts */,
				21AB8A882EA58A5C009C895F /* Resources */,
				21AB8A8B2EA58A5C009C895F /* Services */,
				21AB8A8D2EA58A5C009C895F /* Utilities */,
				21AB8A902EA58A5C009C895F /* ViewModels */,
				21AB8A9E2EA58A5C009C895F /* Views */,
				21AB8A9F2EA58A5C009C895F /* AlbumScanApp.swift */,
				21AB8AA02EA58A5C009C895F /* ContentView.swift */,
			);
			path = AlbumScan;
			sourceTree = "<group>";
		};
		21AB8AA32EA58A5C009C895F /* AlbumScanTests */ = {
			isa = PBXGroup;
			children = (
			);
			path = AlbumScanTests;
			sourceTree = "<group>";
		};
		21AB8AA42EA58A5C009C895F /* AlbumScanUITests */ = {
			isa = PBXGroup;
			children = (
			);
			path = AlbumScanUITests;
			sourceTree = "<group>";
		};
		21AB8AA52EA58A5C009C895F /* AlbumScan */ = {
			isa = PBXGroup;
			children = (
				21914B312EA955D60039D3CA /* Info.plist */,
				21B910332EA9481000C6E5B7 /* Bungee-Regular.ttf */,
				21AB8AA22EA58A5C009C895F /* AlbumScan */,
				21AB8AA32EA58A5C009C895F /* AlbumScanTests */,
				21AB8AA42EA58A5C009C895F /* AlbumScanUITests */,
			);
			path = AlbumScan;
			sourceTree = "<group>";
		};
		5FDE54BFF94A4D7F8F5B98D8 /* Prompts */ = {
			isa = PBXGroup;
			children = (
				210597D82EAEE5E8001CDE4F /* search_finalization.txt */,
				210597D62EAEE5DA001CDE4F /* single_prompt_identification.txt */,
				3FCE23C575394A75A62E6BF5 /* album_review.txt */,
				C360C05E1BB34872B946B375 /* album_review_ultra.txt */,
			);
			path = Prompts;
			sourceTree = "<group>";
		};
		7E916FB0A1C84F5C9BEDFDF0 /* Subscription */ = {
			isa = PBXGroup;
			children = (
				EA524DE915634D01AD20E3FD /* WelcomePurchaseSheet.swift */,
				E796B7ACDE3C473CBA72EC03 /* ChooseYourPlanView.swift */,
			);
			path = Subscription;
			sourceTree = "<group>";
		};
/* End PBXGroup section */

/* Begin PBXNativeTarget section */
		21AB8A2D2EA58A02009C895F /* AlbumScan */ = {
			isa = PBXNativeTarget;
			buildConfigurationList = 21AB8A3E2EA58A03009C895F /* Build configuration list for PBXNativeTarget "AlbumScan" */;
			buildPhases = (
				21AB8A2A2EA58A02009C895F /* Sources */,
				21AB8A2B2EA58A02009C895F /* Frameworks */,
				21AB8A2C2EA58A02009C895F /* Resources */,
			);
			buildRules = (
			);
			dependencies = (
			);
			name = AlbumScan;
			packageProductDependencies = (
				214CAA202EB4378B007A60F7 /* FirebaseCore */,
				214CAA222EB43796007A60F7 /* FirebaseRemoteConfig */,
			);
			productName = AlbumScan;
			productReference = 21AB8A2E2EA58A02009C895F /* AlbumScan.app */;
			productType = "com.apple.product-type.application";
		};
/* End PBXNativeTarget section */

/* Begin PBXProject section */
		21AB8A262EA58A02009C895F /* Project object */ = {
			isa = PBXProject;
			attributes = {
				BuildIndependentTargetsInParallel = 1;
				LastSwiftUpdateCheck = 2600;
				LastUpgradeCheck = 2600;
				TargetAttributes = {
					21AB8A2D2EA58A02009C895F = {
						CreatedOnToolsVersion = 26.0.1;
					};
				};
			};
			buildConfigurationList = 21AB8A292EA58A02009C895F /* Build configuration list for PBXProject "AlbumScan" */;
			developmentRegion = en;
			hasScannedForEncodings = 0;
			knownRegions = (
				en,
				Base,
			);
			mainGroup = 21AB8A252EA58A02009C895F;
			minimizedProjectReferenceProxies = 1;
			packageReferences = (
				214CAA1E2EB43726007A60F7 /* XCRemoteSwiftPackageReference "firebase-ios-sdk" */,
			);
			preferredProjectObjectVersion = 77;
			productRefGroup = 21AB8A2F2EA58A02009C895F /* Products */;
			projectDirPath = "";
			projectRoot = "";
			targets = (
				21AB8A2D2EA58A02009C895F /* AlbumScan */,
			);
		};
/* End PBXProject section */

/* Begin PBXResourcesBuildPhase section */
		21AB8A2C2EA58A02009C895F /* Resources */ = {
			isa = PBXResourcesBuildPhase;
			buildActionMask = 2147483647;
			files = (
				21AB8ABF2EA58A5C009C895F /* README.md in Resources */,
				21AB8AC02EA58A5C009C895F /* FILE_STRUCTURE.md in Resources */,
				210597D72EAEE5DA001CDE4F /* single_prompt_identification.txt in Resources */,
				210597D92EAEE5E8001CDE4F /* search_finalization.txt in Resources */,
				21B910342EA9481000C6E5B7 /* Bungee-Regular.ttf in Resources */,
				217A390F2EB8D03B008A6DA7 /* Configuration.storekit in Resources */,
				21AB8AC12EA58A5C009C895F /* SETUP_GUIDE.md in Resources */,
				21B910322EA91D9300C6E5B7 /* Secrets.plist in Resources */,
				B311FEE2FEED46A6B4C2E76C /* GoogleService-Info.plist in Resources */,
				EFC56BF99C0B45BFB480023F /* album_review.txt in Resources */,
				7D120A91786D49D084ADF179 /* album_review_ultra.txt in Resources */,
				21AB8AD52EA81F3E009C895F /* Assets.xcassets in Resources */,
				21AB8AC42EA58A5C009C895F /* QUICK_START.md in Resources */,
			);
			runOnlyForDeploymentPostprocessing = 0;
		};
/* End PBXResourcesBuildPhase section */

/* Begin PBXSourcesBuildPhase section */
		21AB8A2A2EA58A02009C895F /* Sources */ = {
			isa = PBXSourcesBuildPhase;
			buildActionMask = 2147483647;
			files = (
				21AB8AAC2EA58A5C009C895F /* AppState.swift in Sources */,
				21AB8AAD2EA58A5C009C895F /* Album.swift in Sources */,
				210597D52EAEE5C8001CDE4F /* SinglePromptResponses.swift in Sources */,
				21B9102E2EA822B000C6E5B7 /* LaunchScreenView.swift in Sources */,
				66378A241DA347A394EEEAB4 /* LoadingView.swift in Sources */,
				21AB8ACB2EA6DB9D009C895F /* CoverArtService.swift in Sources */,
				21AB8ACC2EA6DB9D009C895F /* MusicBrainzService.swift in Sources */,
				21AB8AAF2EA58A5C009C895F /* Config.swift in Sources */,
				5949627B0682488592A5609F /* KeychainHelper.swift in Sources */,
				21AB8AB02EA58A5C009C895F /* ScanErrorView.swift in Sources */,
				210597D12EAE9633001CDE4F /* OpenAIAPIService.swift in Sources */,
				210597D22EAE9633001CDE4F /* LLMServiceFactory.swift in Sources */,
				210597D32EAE9633001CDE4F /* LLMService.swift in Sources */,
				21AB8AB12EA58A5C009C895F /* CameraPreview.swift in Sources */,
				21AB8AB22EA58A5C009C895F /* CameraManager.swift in Sources */,
				21AB8AB32EA58A5C009C895F /* ContentView.swift in Sources */,
				214CAA172EB3F2C6007A60F7 /* SettingsView.swift in Sources */,
				B09F6105392F4BDAADC6C4B8 /* WelcomePurchaseSheet.swift in Sources */,
				95A88F8F525D4ED6AB1AAC6F /* ChooseYourPlanView.swift in Sources */,
				21AB8AB42EA58A5C009C895F /* ClaudeAPIService.swift in Sources */,
				21AB8AB52EA58A5C009C895F /* CameraView.swift in Sources */,
				210597BF2EABDD27001CDE4F /* ScanState.swift in Sources */,
				210597C02EABDD27001CDE4F /* Phase2Response.swift in Sources */,
				210597C12EABDD27001CDE4F /* Phase1Response.swift in Sources */,
				74034F4931A44D6C86F55EC5 /* Phase1AResponse.swift in Sources */,
				214CAA1B2EB43618007A60F7 /* SubscriptionManager.swift in Sources */,
				214CAA1C2EB43618007A60F7 /* ScanLimitManager.swift in Sources */,
				214CAA1D2EB43618007A60F7 /* RemoteConfigManager.swift in Sources */,
				21AB8AB62EA58A5C009C895F /* PermissionErrorView.swift in Sources */,
				21AB8AB72EA58A5C009C895F /* ScanHistoryView.swift in Sources */,
				21AB8AB82EA58A5C009C895F /* AlbumDetailsView.swift in Sources */,
				21AB8AB92EA58A5C009C895F /* PersistenceController.swift in Sources */,
				21AB8ABA2EA58A5C009C895F /* AlbumScanApp.swift in Sources */,
				21AB8ABB2EA58A5C009C895F /* AlbumScan.xcdatamodeld in Sources */,
				21AB8ABC2EA58A5C009C895F /* AlbumResponse.swift in Sources */,
			);
			runOnlyForDeploymentPostprocessing = 0;
		};
/* End PBXSourcesBuildPhase section */

/* Begin XCBuildConfiguration section */
		21AB8A3C2EA58A03009C895F /* Debug */ = {
			isa = XCBuildConfiguration;
			buildSettings = {
				ALWAYS_SEARCH_USER_PATHS = NO;
				ASSETCATALOG_COMPILER_GENERATE_SWIFT_ASSET_SYMBOL_EXTENSIONS = YES;
				CLANG_ANALYZER_NONNULL = YES;
				CLANG_ANALYZER_NUMBER_OBJECT_CONVERSION = YES_AGGRESSIVE;
				CLANG_CXX_LANGUAGE_STANDARD = "gnu++20";
				CLANG_ENABLE_MODULES = YES;
				CLANG_ENABLE_OBJC_ARC = YES;
				CLANG_ENABLE_OBJC_WEAK = YES;
				CLANG_WARN_BLOCK_CAPTURE_AUTORELEASING = YES;
				CLANG_WARN_BOOL_CONVERSION = YES;
				CLANG_WARN_COMMA = YES;
				CLANG_WARN_CONSTANT_CONVERSION = YES;
				CLANG_WARN_DEPRECATED_OBJC_IMPLEMENTATIONS = YES;
				CLANG_WARN_DIRECT_OBJC_ISA_USAGE = YES_ERROR;
				CLANG_WARN_DOCUMENTATION_COMMENTS = YES;
				CLANG_WARN_EMPTY_BODY = YES;
				CLANG_WARN_ENUM_CONVERSION = YES;
				CLANG_WARN_INFINITE_RECURSION = YES;
				CLANG_WARN_INT_CONVERSION = YES;
				CLANG_WARN_NON_LITERAL_NULL_CONVERSION = YES;
				CLANG_WARN_OBJC_IMPLICIT_RETAIN_SELF = YES;
				CLANG_WARN_OBJC_LITERAL_CONVERSION = YES;
				CLANG_WARN_OBJC_ROOT_CLASS = YES_ERROR;
				CLANG_WARN_QUOTED_INCLUDE_IN_FRAMEWORK_HEADER = YES;
				CLANG_WARN_RANGE_LOOP_ANALYSIS = YES;
				CLANG_WARN_STRICT_PROTOTYPES = YES;
				CLANG_WARN_SUSPICIOUS_MOVE = YES;
				CLANG_WARN_UNGUARDED_AVAILABILITY = YES_AGGRESSIVE;
				CLANG_WARN_UNREACHABLE_CODE = YES;
				CLANG_WARN__DUPLICATE_METHOD_MATCH = YES;
				COPY_PHASE_STRIP = NO;
				DEBUG_INFORMATION_FORMAT = dwarf;
				DEVELOPMENT_TEAM = XWBF92D63J;
				ENABLE_STRICT_OBJC_MSGSEND = YES;
				ENABLE_TESTABILITY = YES;
				ENABLE_USER_SCRIPT_SANDBOXING = YES;
				GCC_C_LANGUAGE_STANDARD = gnu17;
				GCC_DYNAMIC_NO_PIC = NO;
				GCC_NO_COMMON_BLOCKS = YES;
				GCC_OPTIMIZATION_LEVEL = 0;
				GCC_PREPROCESSOR_DEFINITIONS = (
					"DEBUG=1",
					"$(inherited)",
				);
				GCC_WARN_64_TO_32_BIT_CONVERSION = YES;
				GCC_WARN_ABOUT_RETURN_TYPE = YES_ERROR;
				GCC_WARN_UNDECLARED_SELECTOR = YES;
				GCC_WARN_UNINITIALIZED_AUTOS = YES_AGGRESSIVE;
				GCC_WARN_UNUSED_FUNCTION = YES;
				GCC_WARN_UNUSED_VARIABLE = YES;
				IPHONEOS_DEPLOYMENT_TARGET = 17.0;
				LOCALIZATION_PREFERS_STRING_CATALOGS = YES;
				MTL_ENABLE_DEBUG_INFO = INCLUDE_SOURCE;
				MTL_FAST_MATH = YES;
				ONLY_ACTIVE_ARCH = YES;
				SDKROOT = iphoneos;
				SWIFT_ACTIVE_COMPILATION_CONDITIONS = "DEBUG $(inherited)";
				SWIFT_OPTIMIZATION_LEVEL = "-Onone";
			};
			name = Debug;
		};
		21AB8A3D2EA58A03009C895F /* Release */ = {
			isa = XCBuildConfiguration;
			buildSettings = {
				ALWAYS_SEARCH_USER_PATHS = NO;
				ASSETCATALOG_COMPILER_GENERATE_SWIFT_ASSET_SYMBOL_EXTENSIONS = YES;
				CLANG_ANALYZER_NONNULL = YES;
				CLANG_ANALYZER_NUMBER_OBJECT_CONVERSION = YES_AGGRESSIVE;
				CLANG_CXX_LANGUAGE_STANDARD = "gnu++20";
				CLANG_ENABLE_MODULES = YES;
				CLANG_ENABLE_OBJC_ARC = YES;
				CLANG_ENABLE_OBJC_WEAK = YES;
				CLANG_WARN_BLOCK_CAPTURE_AUTORELEASING = YES;
				CLANG_WARN_BOOL_CONVERSION = YES;
				CLANG_WARN_COMMA = YES;
				CLANG_WARN_CONSTANT_CONVERSION = YES;
				CLANG_WARN_DEPRECATED_OBJC_IMPLEMENTATIONS = YES;
				CLANG_WARN_DIRECT_OBJC_ISA_USAGE = YES_ERROR;
				CLANG_WARN_DOCUMENTATION_COMMENTS = YES;
				CLANG_WARN_EMPTY_BODY = YES;
				CLANG_WARN_ENUM_CONVERSION = YES;
				CLANG_WARN_INFINITE_RECURSION = YES;
				CLANG_WARN_INT_CONVERSION = YES;
				CLANG_WARN_NON_LITERAL_NULL_CONVERSION = YES;
				CLANG_WARN_OBJC_IMPLICIT_RETAIN_SELF = YES;
				CLANG_WARN_OBJC_LITERAL_CONVERSION = YES;
				CLANG_WARN_OBJC_ROOT_CLASS = YES_ERROR;
				CLANG_WARN_QUOTED_INCLUDE_IN_FRAMEWORK_HEADER = YES;
				CLANG_WARN_RANGE_LOOP_ANALYSIS = YES;
				CLANG_WARN_STRICT_PROTOTYPES = YES;
				CLANG_WARN_SUSPICIOUS_MOVE = YES;
				CLANG_WARN_UNGUARDED_AVAILABILITY = YES_AGGRESSIVE;
				CLANG_WARN_UNREACHABLE_CODE = YES;
				CLANG_WARN__DUPLICATE_METHOD_MATCH = YES;
				COPY_PHASE_STRIP = NO;
				DEBUG_INFORMATION_FORMAT = "dwarf-with-dsym";
				DEVELOPMENT_TEAM = XWBF92D63J;
				ENABLE_NS_ASSERTIONS = NO;
				ENABLE_STRICT_OBJC_MSGSEND = YES;
				ENABLE_USER_SCRIPT_SANDBOXING = YES;
				GCC_C_LANGUAGE_STANDARD = gnu17;
				GCC_NO_COMMON_BLOCKS = YES;
				GCC_WARN_64_TO_32_BIT_CONVERSION = YES;
				GCC_WARN_ABOUT_RETURN_TYPE = YES_ERROR;
				GCC_WARN_UNDECLARED_SELECTOR = YES;
				GCC_WARN_UNINITIALIZED_AUTOS = YES_AGGRESSIVE;
				GCC_WARN_UNUSED_FUNCTION = YES;
				GCC_WARN_UNUSED_VARIABLE = YES;
				IPHONEOS_DEPLOYMENT_TARGET = 17.0;
				LOCALIZATION_PREFERS_STRING_CATALOGS = YES;
				MTL_ENABLE_DEBUG_INFO = NO;
				MTL_FAST_MATH = YES;
				SDKROOT = iphoneos;
				SWIFT_COMPILATION_MODE = wholemodule;
				VALIDATE_PRODUCT = YES;
			};
			name = Release;
		};
		21AB8A3F2EA58A03009C895F /* Debug */ = {
			isa = XCBuildConfiguration;
			buildSettings = {
				ASSETCATALOG_COMPILER_APPICON_NAME = AppIcon;
				ASSETCATALOG_COMPILER_GLOBAL_ACCENT_COLOR_NAME = AccentColor;
				CODE_SIGN_IDENTITY = "Apple Development";
				CODE_SIGN_STYLE = Automatic;
				CURRENT_PROJECT_VERSION = 10;
				DEVELOPMENT_TEAM = XWBF92D63J;
				ENABLE_PREVIEWS = YES;
				GENERATE_INFOPLIST_FILE = YES;
				INFOPLIST_FILE = AlbumScan/Info.plist;
				INFOPLIST_KEY_NSCameraUsageDescription = "AlbumScan needs access to your camera to identify album covers and help you discover music.";
				INFOPLIST_KEY_UIApplicationSceneManifest_Generation = YES;
				INFOPLIST_KEY_UIApplicationSupportsIndirectInputEvents = YES;
				INFOPLIST_KEY_UILaunchScreen_Generation = YES;
				INFOPLIST_KEY_UISupportedInterfaceOrientations = UIInterfaceOrientationPortrait;
				INFOPLIST_KEY_UISupportedInterfaceOrientations_iPad = "UIInterfaceOrientationLandscapeLeft UIInterfaceOrientationLandscapeRight UIInterfaceOrientationPortrait UIInterfaceOrientationPortraitUpsideDown";
				LD_RUNPATH_SEARCH_PATHS = (
					"$(inherited)",
					"@executable_path/Frameworks",
				);
				MARKETING_VERSION = 1.0;
				PRODUCT_BUNDLE_IDENTIFIER = jamesschaffer.AlbumScan;
				PRODUCT_NAME = "$(TARGET_NAME)";
				PROVISIONING_PROFILE_SPECIFIER = "";
				STRING_CATALOG_GENERATE_SYMBOLS = YES;
				SUPPORTED_PLATFORMS = "iphoneos iphonesimulator";
				SUPPORTS_MACCATALYST = NO;
				SUPPORTS_MAC_DESIGNED_FOR_IPHONE_IPAD = NO;
				SUPPORTS_XR_DESIGNED_FOR_IPHONE_IPAD = NO;
				SWIFT_APPROACHABLE_CONCURRENCY = YES;
				SWIFT_DEFAULT_ACTOR_ISOLATION = MainActor;
				SWIFT_EMIT_LOC_STRINGS = YES;
				SWIFT_UPCOMING_FEATURE_MEMBER_IMPORT_VISIBILITY = YES;
				SWIFT_VERSION = 5.0;
				TARGETED_DEVICE_FAMILY = "1,2";
			};
			name = Debug;
		};
		21AB8A402EA58A03009C895F /* Release */ = {
			isa = XCBuildConfiguration;
			buildSettings = {
				ASSETCATALOG_COMPILER_APPICON_NAME = AppIcon;
				ASSETCATALOG_COMPILER_GLOBAL_ACCENT_COLOR_NAME = AccentColor;
				CODE_SIGN_IDENTITY = "Apple Development";
				CODE_SIGN_STYLE = Automatic;
				CURRENT_PROJECT_VERSION = 10;
				DEVELOPMENT_TEAM = XWBF92D63J;
				ENABLE_PREVIEWS = YES;
				GENERATE_INFOPLIST_FILE = YES;
				INFOPLIST_FILE = AlbumScan/Info.plist;
				INFOPLIST_KEY_NSCameraUsageDescription = "AlbumScan needs access to your camera to identify album covers and help you discover music.";
				INFOPLIST_KEY_UIApplicationSceneManifest_Generation = YES;
				INFOPLIST_KEY_UIApplicationSupportsIndirectInputEvents = YES;
				INFOPLIST_KEY_UILaunchScreen_Generation = YES;
				INFOPLIST_KEY_UISupportedInterfaceOrientations = UIInterfaceOrientationPortrait;
				INFOPLIST_KEY_UISupportedInterfaceOrientations_iPad = "UIInterfaceOrientationLandscapeLeft UIInterfaceOrientationLandscapeRight UIInterfaceOrientationPortrait UIInterfaceOrientationPortraitUpsideDown";
				LD_RUNPATH_SEARCH_PATHS = (
					"$(inherited)",
					"@executable_path/Frameworks",
				);
				MARKETING_VERSION = 1.0;
				PRODUCT_BUNDLE_IDENTIFIER = jamesschaffer.AlbumScan;
				PRODUCT_NAME = "$(TARGET_NAME)";
				PROVISIONING_PROFILE_SPECIFIER = "";
				STRING_CATALOG_GENERATE_SYMBOLS = YES;
				SUPPORTED_PLATFORMS = "iphoneos iphonesimulator";
				SUPPORTS_MACCATALYST = NO;
				SUPPORTS_MAC_DESIGNED_FOR_IPHONE_IPAD = NO;
				SUPPORTS_XR_DESIGNED_FOR_IPHONE_IPAD = NO;
				SWIFT_APPROACHABLE_CONCURRENCY = YES;
				SWIFT_DEFAULT_ACTOR_ISOLATION = MainActor;
				SWIFT_EMIT_LOC_STRINGS = YES;
				SWIFT_UPCOMING_FEATURE_MEMBER_IMPORT_VISIBILITY = YES;
				SWIFT_VERSION = 5.0;
				TARGETED_DEVICE_FAMILY = "1,2";
			};
			name = Release;
		};
/* End XCBuildConfiguration section */

/* Begin XCConfigurationList section */
		21AB8A292EA58A02009C895F /* Build configuration list for PBXProject "AlbumScan" */ = {
			isa = XCConfigurationList;
			buildConfigurations = (
				21AB8A3C2EA58A03009C895F /* Debug */,
				21AB8A3D2EA58A03009C895F /* Release */,
			);
			defaultConfigurationIsVisible = 0;
			defaultConfigurationName = Release;
		};
		21AB8A3E2EA58A03009C895F /* Build configuration list for PBXNativeTarget "AlbumScan" */ = {
			isa = XCConfigurationList;
			buildConfigurations = (
				21AB8A3F2EA58A03009C895F /* Debug */,
				21AB8A402EA58A03009C895F /* Release */,
			);
			defaultConfigurationIsVisible = 0;
			defaultConfigurationName = Release;
		};
/* End XCConfigurationList section */

/* Begin XCRemoteSwiftPackageReference section */
		214CAA1E2EB43726007A60F7 /* XCRemoteSwiftPackageReference "firebase-ios-sdk" */ = {
			isa = XCRemoteSwiftPackageReference;
			repositoryURL = "https://github.com/firebase/firebase-ios-sdk.git";
			requirement = {
				kind = upToNextMajorVersion;
				minimumVersion = 12.5.0;
			};
		};
/* End XCRemoteSwiftPackageReference section */

/* Begin XCSwiftPackageProductDependency section */
		214CAA202EB4378B007A60F7 /* FirebaseCore */ = {
			isa = XCSwiftPackageProductDependency;
			package = 214CAA1E2EB43726007A60F7 /* XCRemoteSwiftPackageReference "firebase-ios-sdk" */;
			productName = FirebaseCore;
		};
		214CAA222EB43796007A60F7 /* FirebaseRemoteConfig */ = {
			isa = XCSwiftPackageProductDependency;
			package = 214CAA1E2EB43726007A60F7 /* XCRemoteSwiftPackageReference "firebase-ios-sdk" */;
			productName = FirebaseRemoteConfig;
		};
/* End XCSwiftPackageProductDependency section */

/* Begin XCVersionGroup section */
		21AB8A862EA58A5C009C895F /* AlbumScan.xcdatamodeld */ = {
			isa = XCVersionGroup;
			children = (
				21AB8AAB2EA58A5C009C895F /* AlbumScan.xcdatamodel */,
			);
			currentVersion = 21AB8AAB2EA58A5C009C895F /* AlbumScan.xcdatamodel */;
			path = AlbumScan.xcdatamodeld;
			sourceTree = "<group>";
			versionGroupType = wrapper.xcdatamodel;
		};
/* End XCVersionGroup section */
	};
	rootObject = 21AB8A262EA58A02009C895F /* Project object */;
}
